
Microsoft Visual Studio Solution File, Format Version 12.00
# Visual Studio Version 16
VisualStudioVersion = 16.0.31025.194
MinimumVisualStudioVersion = 10.0.40219.1
Project("{FAE04EC0-301F-11D3-BF4B-00C04F79EFBC}") = "MessageService.API", "MessageService.API\MessageService.API.csproj", "{8D03835A-4A9B-4F5C-98AA-6355044DA756}"
EndProject
Global
	GlobalSection(SolutionConfigurationPlatforms) = preSolution
		Debug|Any CPU = Debug|Any CPU
		Release|Any CPU = Release|Any CPU
	EndGlobalSection
	GlobalSection(ProjectConfigurationPlatforms) = postSolution
		{8D03835A-4A9B-4F5C-98AA-6355044DA756}.Debug|Any CPU.ActiveCfg = Debug|Any CPU
		{8D03835A-4A9B-4F5C-98AA-6355044DA756}.Debug|Any CPU.Build.0 = Debug|Any CPU
		{8D03835A-4A9B-4F5C-98AA-6355044DA756}.Release|Any CPU.ActiveCfg = Release|Any CPU
		{8D03835A-4A9B-4F5C-98AA-6355044DA756}.Release|Any CPU.Build.0 = Release|Any CPU
	EndGlobalSection
	GlobalSection(SolutionProperties) = preSolution
		HideSolutionNode = FALSE
	EndGlobalSection
	GlobalSection(ExtensibilityGlobals) = postSolution
		SolutionGuid = {CD79E196-0089-4669-A903-CE5585BAD4EE}
	EndGlobalSection
EndGlobal
